// !$*UTF8*$!
{
	archiveVersion = 1;
	classes = {
	};
	objectVersion = 48;
	objects = {

/* Begin PBXBuildFile section */
		6B239EB49E02A43867A44EB9 /* Pods_BulgarianSkiProperties.framework in Frameworks */ = {isa = PBXBuildFile; fileRef = 95996F2C3D22EF7F5CC722CF /* Pods_BulgarianSkiProperties.framework */; };
		78FDB7781FDD161100369A26 /* AppDelegate.swift in Sources */ = {isa = PBXBuildFile; fileRef = 78FDB7771FDD161100369A26 /* AppDelegate.swift */; };
		78FDB77A1FDD161100369A26 /* ViewController.swift in Sources */ = {isa = PBXBuildFile; fileRef = 78FDB7791FDD161100369A26 /* ViewController.swift */; };
		78FDB77D1FDD161100369A26 /* Main.storyboard in Resources */ = {isa = PBXBuildFile; fileRef = 78FDB77B1FDD161100369A26 /* Main.storyboard */; };
		78FDB77F1FDD161100369A26 /* Assets.xcassets in Resources */ = {isa = PBXBuildFile; fileRef = 78FDB77E1FDD161100369A26 /* Assets.xcassets */; };
		78FDB7821FDD161100369A26 /* LaunchScreen.storyboard in Resources */ = {isa = PBXBuildFile; fileRef = 78FDB7801FDD161100369A26 /* LaunchScreen.storyboard */; };
/* End PBXBuildFile section */

/* Begin PBXFileReference section */
		78FDB7741FDD161100369A26 /* BulgarianSkiProperties.app */ = {isa = PBXFileReference; explicitFileType = wrapper.application; includeInIndex = 0; path = BulgarianSkiProperties.app; sourceTree = BUILT_PRODUCTS_DIR; };
		78FDB7771FDD161100369A26 /* AppDelegate.swift */ = {isa = PBXFileReference; lastKnownFileType = sourcecode.swift; path = AppDelegate.swift; sourceTree = "<group>"; };
		78FDB7791FDD161100369A26 /* ViewController.swift */ = {isa = PBXFileReference; lastKnownFileType = sourcecode.swift; path = ViewController.swift; sourceTree = "<group>"; };
		78FDB77C1FDD161100369A26 /* Base */ = {isa = PBXFileReference; lastKnownFileType = file.storyboard; name = Base; path = Base.lproj/Main.storyboard; sourceTree = "<group>"; };
		78FDB77E1FDD161100369A26 /* Assets.xcassets */ = {isa = PBXFileReference; lastKnownFileType = folder.assetcatalog; path = Assets.xcassets; sourceTree = "<group>"; };
		78FDB7811FDD161100369A26 /* Base */ = {isa = PBXFileReference; lastKnownFileType = file.storyboard; name = Base; path = Base.lproj/LaunchScreen.storyboard; sourceTree = "<group>"; };
		78FDB7831FDD161100369A26 /* Info.plist */ = {isa = PBXFileReference; lastKnownFileType = text.plist.xml; path = Info.plist; sourceTree = "<group>"; };
		8F3C07818A79FB6D765D9A8C /* Pods-BulgarianSkiProperties.debug.xcconfig */ = {isa = PBXFileReference; includeInIndex = 1; lastKnownFileType = text.xcconfig; name = "Pods-BulgarianSkiProperties.debug.xcconfig"; path = "Pods/Target Support Files/Pods-BulgarianSkiProperties/Pods-BulgarianSkiProperties.debug.xcconfig"; sourceTree = "<group>"; };
		95996F2C3D22EF7F5CC722CF /* Pods_BulgarianSkiProperties.framework */ = {isa = PBXFileReference; explicitFileType = wrapper.framework; includeInIndex = 0; path = Pods_BulgarianSkiProperties.framework; sourceTree = BUILT_PRODUCTS_DIR; };
		E7ADE54677055E6538FB1CA0 /* Pods-BulgarianSkiProperties.release.xcconfig */ = {isa = PBXFileReference; includeInIndex = 1; lastKnownFileType = text.xcconfig; name = "Pods-BulgarianSkiProperties.release.xcconfig"; path = "Pods/Target Support Files/Pods-BulgarianSkiProperties/Pods-BulgarianSkiProperties.release.xcconfig"; sourceTree = "<group>"; };
/* End PBXFileReference section */

/* Begin PBXFrameworksBuildPhase section */
		78FDB7711FDD161100369A26 /* Frameworks */ = {
			isa = PBXFrameworksBuildPhase;
			buildActionMask = 2147483647;
			files = (
				6B239EB49E02A43867A44EB9 /* Pods_BulgarianSkiProperties.framework in Frameworks */,
			);
			runOnlyForDeploymentPostprocessing = 0;
		};
/* End PBXFrameworksBuildPhase section */

/* Begin PBXGroup section */
		78FDB76B1FDD161100369A26 = {
			isa = PBXGroup;
			children = (
				78FDB7761FDD161100369A26 /* BulgarianSkiProperties */,
				78FDB7751FDD161100369A26 /* Products */,
				98210182FEFE1829B3B37948 /* Pods */,
				D93B87348F457F1020C85910 /* Frameworks */,
			);
			sourceTree = "<group>";
		};
		78FDB7751FDD161100369A26 /* Products */ = {
			isa = PBXGroup;
			children = (
				78FDB7741FDD161100369A26 /* BulgarianSkiProperties.app */,
			);
			name = Products;
			sourceTree = "<group>";
		};
		78FDB7761FDD161100369A26 /* BulgarianSkiProperties */ = {
			isa = PBXGroup;
			children = (
				78FDB7771FDD161100369A26 /* AppDelegate.swift */,
				78FDB7791FDD161100369A26 /* ViewController.swift */,
				78FDB77B1FDD161100369A26 /* Main.storyboard */,
				78FDB77E1FDD161100369A26 /* Assets.xcassets */,
				78FDB7801FDD161100369A26 /* LaunchScreen.storyboard */,
				78FDB7831FDD161100369A26 /* Info.plist */,
			);
			path = BulgarianSkiProperties;
			sourceTree = "<group>";
		};
		98210182FEFE1829B3B37948 /* Pods */ = {
			isa = PBXGroup;
			children = (
				8F3C07818A79FB6D765D9A8C /* Pods-BulgarianSkiProperties.debug.xcconfig */,
				E7ADE54677055E6538FB1CA0 /* Pods-BulgarianSkiProperties.release.xcconfig */,
			);
			name = Pods;
			sourceTree = "<group>";
		};
		D93B87348F457F1020C85910 /* Frameworks */ = {
			isa = PBXGroup;
			children = (
				95996F2C3D22EF7F5CC722CF /* Pods_BulgarianSkiProperties.framework */,
			);
			name = Frameworks;
			sourceTree = "<group>";
		};
/* End PBXGroup section */

/* Begin PBXNativeTarget section */
		78FDB7731FDD161100369A26 /* BulgarianSkiProperties */ = {
			isa = PBXNativeTarget;
			buildConfigurationList = 78FDB7861FDD161100369A26 /* Build configuration list for PBXNativeTarget "BulgarianSkiProperties" */;
			buildPhases = (
				8FA909143A6D70DDA3B1EF5C /* [CP] Check Pods Manifest.lock */,
				78FDB7701FDD161100369A26 /* Sources */,
				78FDB7711FDD161100369A26 /* Frameworks */,
				78FDB7721FDD161100369A26 /* Resources */,
				06E2F5079F294E495F3CF1DF /* [CP] Embed Pods Frameworks */,
				FC99E1A8F5B7170CC6394601 /* [CP] Copy Pods Resources */,
			);
			buildRules = (
			);
			dependencies = (
			);
			name = BulgarianSkiProperties;
			productName = BulgarianSkiProperties;
			productReference = 78FDB7741FDD161100369A26 /* BulgarianSkiProperties.app */;
			productType = "com.apple.product-type.application";
		};
/* End PBXNativeTarget section */

/* Begin PBXProject section */
		78FDB76C1FDD161100369A26 /* Project object */ = {
			isa = PBXProject;
			attributes = {
				LastSwiftUpdateCheck = 0900;
				LastUpgradeCheck = 0900;
				ORGANIZATIONNAME = np;
				TargetAttributes = {
					78FDB7731FDD161100369A26 = {
						CreatedOnToolsVersion = 9.0;
						ProvisioningStyle = Automatic;
					};
				};
			};
			buildConfigurationList = 78FDB76F1FDD161100369A26 /* Build configuration list for PBXProject "BulgarianSkiProperties" */;
			compatibilityVersion = "Xcode 8.0";
			developmentRegion = en;
			hasScannedForEncodings = 0;
			knownRegions = (
				en,
				Base,
			);
			mainGroup = 78FDB76B1FDD161100369A26;
			productRefGroup = 78FDB7751FDD161100369A26 /* Products */;
			projectDirPath = "";
			projectRoot = "";
			targets = (
				78FDB7731FDD161100369A26 /* BulgarianSkiProperties */,
			);
		};
/* End PBXProject section */

/* Begin PBXResourcesBuildPhase section */
		78FDB7721FDD161100369A26 /* Resources */ = {
			isa = PBXResourcesBuildPhase;
			buildActionMask = 2147483647;
			files = (
				78FDB7821FDD161100369A26 /* LaunchScreen.storyboard in Resources */,
				78FDB77F1FDD161100369A26 /* Assets.xcassets in Resources */,
				78FDB77D1FDD161100369A26 /* Main.storyboard in Resources */,
			);
			runOnlyForDeploymentPostprocessing = 0;
		};
/* End PBXResourcesBuildPhase section */

/* Begin PBXShellScriptBuildPhase section */
		06E2F5079F294E495F3CF1DF /* [CP] Embed Pods Frameworks */ = {
			isa = PBXShellScriptBuildPhase;
			buildActionMask = 2147483647;
			files = (
			);
			inputPaths = (
			);
			name = "[CP] Embed Pods Frameworks";
			outputPaths = (
			);
			runOnlyForDeploymentPostprocessing = 0;
			shellPath = /bin/sh;
			shellScript = "\"${SRCROOT}/Pods/Target Support Files/Pods-BulgarianSkiProperties/Pods-BulgarianSkiProperties-frameworks.sh\"\n";
			showEnvVarsInLog = 0;
		};
		8FA909143A6D70DDA3B1EF5C /* [CP] Check Pods Manifest.lock */ = {
			isa = PBXShellScriptBuildPhase;
			buildActionMask = 2147483647;
			files = (
			);
			inputPaths = (
				"${PODS_PODFILE_DIR_PATH}/Podfile.lock",
				"${PODS_ROOT}/Manifest.lock",
			);
			name = "[CP] Check Pods Manifest.lock";
			outputPaths = (
				"$(DERIVED_FILE_DIR)/Pods-BulgarianSkiProperties-checkManifestLockResult.txt",
			);
			runOnlyForDeploymentPostprocessing = 0;
			shellPath = /bin/sh;
			shellScript = "diff \"${PODS_PODFILE_DIR_PATH}/Podfile.lock\" \"${PODS_ROOT}/Manifest.lock\" > /dev/null\nif [ $? != 0 ] ; then\n    # print error to STDERR\n    echo \"error: The sandbox is not in sync with the Podfile.lock. Run 'pod install' or update your CocoaPods installation.\" >&2\n    exit 1\nfi\n# This output is used by Xcode 'outputs' to avoid re-running this script phase.\necho \"SUCCESS\" > \"${SCRIPT_OUTPUT_FILE_0}\"\n";
			showEnvVarsInLog = 0;
		};
		FC99E1A8F5B7170CC6394601 /* [CP] Copy Pods Resources */ = {
			isa = PBXShellScriptBuildPhase;
			buildActionMask = 2147483647;
			files = (
			);
			inputPaths = (
			);
			name = "[CP] Copy Pods Resources";
			outputPaths = (
			);
			runOnlyForDeploymentPostprocessing = 0;
			shellPath = /bin/sh;
			shellScript = "\"${SRCROOT}/Pods/Target Support Files/Pods-BulgarianSkiProperties/Pods-BulgarianSkiProperties-resources.sh\"\n";
			showEnvVarsInLog = 0;
		};
/* End PBXShellScriptBuildPhase section */

/* Begin PBXSourcesBuildPhase section */
		78FDB7701FDD161100369A26 /* Sources */ = {
			isa = PBXSourcesBuildPhase;
			buildActionMask = 2147483647;
			files = (
				78FDB77A1FDD161100369A26 /* ViewController.swift in Sources */,
				78FDB7781FDD161100369A26 /* AppDelegate.swift in Sources */,
			);
			runOnlyForDeploymentPostprocessing = 0;
		};
/* End PBXSourcesBuildPhase section */

/* Begin PBXVariantGroup section */
		78FDB77B1FDD161100369A26 /* Main.storyboard */ = {
			isa = PBXVariantGroup;
			children = (
				78FDB77C1FDD161100369A26 /* Base */,
			);
			name = Main.storyboard;
			sourceTree = "<group>";
		};
		78FDB7801FDD161100369A26 /* LaunchScreen.storyboard */ = {
			isa = PBXVariantGroup;
			children = (
				78FDB7811FDD161100369A26 /* Base */,
			);
			name = LaunchScreen.storyboard;
			sourceTree = "<group>";
		};
/* End PBXVariantGroup section */

/* Begin XCBuildConfiguration section */
		78FDB7841FDD161100369A26 /* Debug */ = {
			isa = XCBuildConfiguration;
			buildSettings = {
				ALWAYS_SEARCH_USER_PATHS = NO;
				CLANG_ANALYZER_NONNULL = YES;
				CLANG_ANALYZER_NUMBER_OBJECT_CONVERSION = YES_AGGRESSIVE;
				CLANG_CXX_LANGUAGE_STANDARD = "gnu++14";
				CLANG_CXX_LIBRARY = "libc++";
				CLANG_ENABLE_MODULES = YES;
				CLANG_ENABLE_OBJC_ARC = YES;
				CLANG_WARN_BLOCK_CAPTURE_AUTORELEASING = YES;
				CLANG_WARN_BOOL_CONVERSION = YES;
				CLANG_WARN_COMMA = YES;
				CLANG_WARN_CONSTANT_CONVERSION = YES;
				CLANG_WARN_DIRECT_OBJC_ISA_USAGE = YES_ERROR;
				CLANG_WARN_DOCUMENTATION_COMMENTS = YES;
				CLANG_WARN_EMPTY_BODY = YES;
				CLANG_WARN_ENUM_CONVERSION = YES;
				CLANG_WARN_INFINITE_RECURSION = YES;
				CLANG_WARN_INT_CONVERSION = YES;
				CLANG_WARN_NON_LITERAL_NULL_CONVERSION = YES;
				CLANG_WARN_OBJC_LITERAL_CONVERSION = YES;
				CLANG_WARN_OBJC_ROOT_CLASS = YES_ERROR;
				CLANG_WARN_RANGE_LOOP_ANALYSIS = YES;
				CLANG_WARN_STRICT_PROTOTYPES = YES;
				CLANG_WARN_SUSPICIOUS_MOVE = YES;
				CLANG_WARN_UNGUARDED_AVAILABILITY = YES_AGGRESSIVE;
				CLANG_WARN_UNREACHABLE_CODE = YES;
				CLANG_WARN__DUPLICATE_METHOD_MATCH = YES;
				CODE_SIGN_IDENTITY = "iPhone Developer";
				COPY_PHASE_STRIP = NO;
				DEBUG_INFORMATION_FORMAT = dwarf;
				ENABLE_STRICT_OBJC_MSGSEND = YES;
				ENABLE_TESTABILITY = YES;
				GCC_C_LANGUAGE_STANDARD = gnu11;
				GCC_DYNAMIC_NO_PIC = NO;
				GCC_NO_COMMON_BLOCKS = YES;
				GCC_OPTIMIZATION_LEVEL = 0;
				GCC_PREPROCESSOR_DEFINITIONS = (
					"DEBUG=1",
					"$(inherited)",
				);
				GCC_WARN_64_TO_32_BIT_CONVERSION = YES;
				GCC_WARN_ABOUT_RETURN_TYPE = YES_ERROR;
				GCC_WARN_UNDECLARED_SELECTOR = YES;
				GCC_WARN_UNINITIALIZED_AUTOS = YES_AGGRESSIVE;
				GCC_WARN_UNUSED_FUNCTION = YES;
				GCC_WARN_UNUSED_VARIABLE = YES;
				IPHONEOS_DEPLOYMENT_TARGET = 9.0;
				MTL_ENABLE_DEBUG_INFO = YES;
				ONLY_ACTIVE_ARCH = YES;
				SDKROOT = iphoneos;
				SWIFT_ACTIVE_COMPILATION_CONDITIONS = DEBUG;
				SWIFT_OPTIMIZATION_LEVEL = "-Onone";
			};
			name = Debug;
		};
		78FDB7851FDD161100369A26 /* Release */ = {
			isa = XCBuildConfiguration;
			buildSettings = {
				ALWAYS_SEARCH_USER_PATHS = NO;
				CLANG_ANALYZER_NONNULL = YES;
				CLANG_ANALYZER_NUMBER_OBJECT_CONVERSION = YES_AGGRESSIVE;
				CLANG_CXX_LANGUAGE_STANDARD = "gnu++14";
				CLANG_CXX_LIBRARY = "libc++";
				CLANG_ENABLE_MODULES = YES;
				CLANG_ENABLE_OBJC_ARC = YES;
				CLANG_WARN_BLOCK_CAPTURE_AUTORELEASING = YES;
				CLANG_WARN_BOOL_CONVERSION = YES;
				CLANG_WARN_COMMA = YES;
				CLANG_WARN_CONSTANT_CONVERSION = YES;
				CLANG_WARN_DIRECT_OBJC_ISA_USAGE = YES_ERROR;
				CLANG_WARN_DOCUMENTATION_COMMENTS = YES;
				CLANG_WARN_EMPTY_BODY = YES;
				CLANG_WARN_ENUM_CONVERSION = YES;
				CLANG_WARN_INFINITE_RECURSION = YES;
				CLANG_WARN_INT_CONVERSION = YES;
				CLANG_WARN_NON_LITERAL_NULL_CONVERSION = YES;
				CLANG_WARN_OBJC_LITERAL_CONVERSION = YES;
				CLANG_WARN_OBJC_ROOT_CLASS = YES_ERROR;
				CLANG_WARN_RANGE_LOOP_ANALYSIS = YES;
				CLANG_WARN_STRICT_PROTOTYPES = YES;
				CLANG_WARN_SUSPICIOUS_MOVE = YES;
				CLANG_WARN_UNGUARDED_AVAILABILITY = YES_AGGRESSIVE;
				CLANG_WARN_UNREACHABLE_CODE = YES;
				CLANG_WARN__DUPLICATE_METHOD_MATCH = YES;
				CODE_SIGN_IDENTITY = "iPhone Developer";
				COPY_PHASE_STRIP = NO;
				DEBUG_INFORMATION_FORMAT = "dwarf-with-dsym";
				ENABLE_NS_ASSERTIONS = NO;
				ENABLE_STRICT_OBJC_MSGSEND = YES;
				GCC_C_LANGUAGE_STANDARD = gnu11;
				GCC_NO_COMMON_BLOCKS = YES;
				GCC_WARN_64_TO_32_BIT_CONVERSION = YES;
				GCC_WARN_ABOUT_RETURN_TYPE = YES_ERROR;
				GCC_WARN_UNDECLARED_SELECTOR = YES;
				GCC_WARN_UNINITIALIZED_AUTOS = YES_AGGRESSIVE;
				GCC_WARN_UNUSED_FUNCTION = YES;
				GCC_WARN_UNUSED_VARIABLE = YES;
				IPHONEOS_DEPLOYMENT_TARGET = 9.0;
				MTL_ENABLE_DEBUG_INFO = NO;
				SDKROOT = iphoneos;
				SWIFT_OPTIMIZATION_LEVEL = "-Owholemodule";
				VALIDATE_PRODUCT = YES;
			};
			name = Release;
		};
		78FDB7871FDD161100369A26 /* Debug */ = {
			isa = XCBuildConfiguration;
			baseConfigurationReference = 8F3C07818A79FB6D765D9A8C /* Pods-BulgarianSkiProperties.debug.xcconfig */;
			buildSettings = {
				ASSETCATALOG_COMPILER_APPICON_NAME = AppIcon;
				CODE_SIGN_STYLE = Automatic;
				DEVELOPMENT_TEAM = 9EL2V63AAB;
				INFOPLIST_FILE = BulgarianSkiProperties/Info.plist;
				LD_RUNPATH_SEARCH_PATHS = "$(inherited) @executable_path/Frameworks";
				PRODUCT_BUNDLE_IDENTIFIER = np.BulgarianSkiProperties;
				PRODUCT_NAME = "$(TARGET_NAME)";
				SWIFT_VERSION = 3.0;
				TARGETED_DEVICE_FAMILY = "1,2";
			};
			name = Debug;
		};
		78FDB7881FDD161100369A26 /* Release */ = {
			isa = XCBuildConfiguration;
			baseConfigurationReference = E7ADE54677055E6538FB1CA0 /* Pods-BulgarianSkiProperties.release.xcconfig */;
			buildSettings = {
				ASSETCATALOG_COMPILER_APPICON_NAME = AppIcon;
				CODE_SIGN_STYLE = Automatic;
				DEVELOPMENT_TEAM = 9EL2V63AAB;
				INFOPLIST_FILE = BulgarianSkiProperties/Info.plist;
				LD_RUNPATH_SEARCH_PATHS = "$(inherited) @executable_path/Frameworks";
				PRODUCT_BUNDLE_IDENTIFIER = np.BulgarianSkiProperties;
				PRODUCT_NAME = "$(TARGET_NAME)";
				SWIFT_VERSION = 3.0;
				TARGETED_DEVICE_FAMILY = "1,2";
			};
			name = Release;
		};
/* End XCBuildConfiguration section */

/* Begin XCConfigurationList section */
		78FDB76F1FDD161100369A26 /* Build configuration list for PBXProject "BulgarianSkiProperties" */ = {
			isa = XCConfigurationList;
			buildConfigurations = (
				78FDB7841FDD161100369A26 /* Debug */,
				78FDB7851FDD161100369A26 /* Release */,
			);
			defaultConfigurationIsVisible = 0;
			defaultConfigurationName = Release;
		};
		78FDB7861FDD161100369A26 /* Build configuration list for PBXNativeTarget "BulgarianSkiProperties" */ = {
			isa = XCConfigurationList;
			buildConfigurations = (
				78FDB7871FDD161100369A26 /* Debug */,
				78FDB7881FDD161100369A26 /* Release */,
			);
			defaultConfigurationIsVisible = 0;
			defaultConfigurationName = Release;
		};
/* End XCConfigurationList section */
	};
	rootObject = 78FDB76C1FDD161100369A26 /* Project object */;
}
